
Microsoft Visual Studio Solution File, Format Version 12.00
# Visual Studio Version 17
VisualStudioVersion = 17.11.35312.102
MinimumVisualStudioVersion = 10.0.40219.1
Project("{9A19103F-16F7-4668-BE54-9A1E7A4F7556}") = "ReleaseNotes.API", "ReleaseNotes.API\ReleaseNotes.API.csproj", "{963BBB12-57B0-4D7A-9492-241097D42AA4}"
EndProject
Project("{2150E333-8FDC-42A3-9474-1A3956D46DE8}") = "Solution Items", "Solution Items", "{E24B1E71-2581-4F81-9F0B-F3174A834C75}"
	ProjectSection(SolutionItems) = preProject
		.editorconfig = .editorconfig
	EndProjectSection
EndProject
Project("{FAE04EC0-301F-11D3-BF4B-00C04F79EFBC}") = "ReleaseNotes.Tests", "ReleaseNotes.Tests\ReleaseNotes.Tests.csproj", "{D6508933-3161-471A-963F-60865D58E9B3}"
EndProject
Global
	GlobalSection(SolutionConfigurationPlatforms) = preSolution
		Debug|Any CPU = Debug|Any CPU
		Release|Any CPU = Release|Any CPU
	EndGlobalSection
	GlobalSection(ProjectConfigurationPlatforms) = postSolution
		{963BBB12-57B0-4D7A-9492-241097D42AA4}.Debug|Any CPU.ActiveCfg = Debug|Any CPU
		{963BBB12-57B0-4D7A-9492-241097D42AA4}.Debug|Any CPU.Build.0 = Debug|Any CPU
		{963BBB12-57B0-4D7A-9492-241097D42AA4}.Release|Any CPU.ActiveCfg = Release|Any CPU
		{963BBB12-57B0-4D7A-9492-241097D42AA4}.Release|Any CPU.Build.0 = Release|Any CPU
		{D6508933-3161-471A-963F-60865D58E9B3}.Debug|Any CPU.ActiveCfg = Debug|Any CPU
		{D6508933-3161-471A-963F-60865D58E9B3}.Debug|Any CPU.Build.0 = Debug|Any CPU
		{D6508933-3161-471A-963F-60865D58E9B3}.Release|Any CPU.ActiveCfg = Release|Any CPU
		{D6508933-3161-471A-963F-60865D58E9B3}.Release|Any CPU.Build.0 = Release|Any CPU
	EndGlobalSection
	GlobalSection(SolutionProperties) = preSolution
		HideSolutionNode = FALSE
	EndGlobalSection
	GlobalSection(ExtensibilityGlobals) = postSolution
		SolutionGuid = {FD36692B-E22C-455F-AC1B-70C8823FCCD0}
	EndGlobalSection
EndGlobal
